
Microsoft Visual Studio Solution File, Format Version 12.00
# Visual Studio Version 17
VisualStudioVersion = 17.0.31903.59
MinimumVisualStudioVersion = 10.0.40219.1
Project("{FAE04EC0-301F-11D3-BF4B-00C04F79EFBC}") = "Sequence_Break", "Sequence_Break\Sequence_Break.csproj", "{CDDB55C6-18FF-44A0-9078-4881FD2503F8}"
EndProject
Project("{FAE04EC0-301F-11D3-BF4B-00C04F79EFBC}") = "MonoGameLibrary", "MonoGameLibrary\MonoGameLibrary.csproj", "{19D10909-0EDD-497C-84E0-C7C447FEF737}"
EndProject
Global
	GlobalSection(SolutionConfigurationPlatforms) = preSolution
		Debug|Any CPU = Debug|Any CPU
		Debug|x64 = Debug|x64
		Debug|x86 = Debug|x86
		Release|Any CPU = Release|Any CPU
		Release|x64 = Release|x64
		Release|x86 = Release|x86
	EndGlobalSection
	GlobalSection(ProjectConfigurationPlatforms) = postSolution
		{CDDB55C6-18FF-44A0-9078-4881FD2503F8}.Debug|Any CPU.ActiveCfg = Debug|Any CPU
		{CDDB55C6-18FF-44A0-9078-4881FD2503F8}.Debug|Any CPU.Build.0 = Debug|Any CPU
		{CDDB55C6-18FF-44A0-9078-4881FD2503F8}.Debug|x64.ActiveCfg = Debug|Any CPU
		{CDDB55C6-18FF-44A0-9078-4881FD2503F8}.Debug|x64.Build.0 = Debug|Any CPU
		{CDDB55C6-18FF-44A0-9078-4881FD2503F8}.Debug|x86.ActiveCfg = Debug|Any CPU
		{CDDB55C6-18FF-44A0-9078-4881FD2503F8}.Debug|x86.Build.0 = Debug|Any CPU
		{CDDB55C6-18FF-44A0-9078-4881FD2503F8}.Release|Any CPU.ActiveCfg = Release|Any CPU
		{CDDB55C6-18FF-44A0-9078-4881FD2503F8}.Release|Any CPU.Build.0 = Release|Any CPU
		{CDDB55C6-18FF-44A0-9078-4881FD2503F8}.Release|x64.ActiveCfg = Release|Any CPU
		{CDDB55C6-18FF-44A0-9078-4881FD2503F8}.Release|x64.Build.0 = Release|Any CPU
		{CDDB55C6-18FF-44A0-9078-4881FD2503F8}.Release|x86.ActiveCfg = Release|Any CPU
		{CDDB55C6-18FF-44A0-9078-4881FD2503F8}.Release|x86.Build.0 = Release|Any CPU
		{19D10909-0EDD-497C-84E0-C7C447FEF737}.Debug|Any CPU.ActiveCfg = Debug|Any CPU
		{19D10909-0EDD-497C-84E0-C7C447FEF737}.Debug|Any CPU.Build.0 = Debug|Any CPU
		{19D10909-0EDD-497C-84E0-C7C447FEF737}.Debug|x64.ActiveCfg = Debug|Any CPU
		{19D10909-0EDD-497C-84E0-C7C447FEF737}.Debug|x64.Build.0 = Debug|Any CPU
		{19D10909-0EDD-497C-84E0-C7C447FEF737}.Debug|x86.ActiveCfg = Debug|Any CPU
		{19D10909-0EDD-497C-84E0-C7C447FEF737}.Debug|x86.Build.0 = Debug|Any CPU
		{19D10909-0EDD-497C-84E0-C7C447FEF737}.Release|Any CPU.ActiveCfg = Release|Any CPU
		{19D10909-0EDD-497C-84E0-C7C447FEF737}.Release|Any CPU.Build.0 = Release|Any CPU
		{19D10909-0EDD-497C-84E0-C7C447FEF737}.Release|x64.ActiveCfg = Release|Any CPU
		{19D10909-0EDD-497C-84E0-C7C447FEF737}.Release|x64.Build.0 = Release|Any CPU
		{19D10909-0EDD-497C-84E0-C7C447FEF737}.Release|x86.ActiveCfg = Release|Any CPU
		{19D10909-0EDD-497C-84E0-C7C447FEF737}.Release|x86.Build.0 = Release|Any CPU
	EndGlobalSection
	GlobalSection(SolutionProperties) = preSolution
		HideSolutionNode = FALSE
	EndGlobalSection
EndGlobal
